// !$*UTF8*$!
{
	archiveVersion = 1;
	classes = {
	};
	objectVersion = 50;
	objects = {

/* Begin PBXBuildFile section */
		DA3E426723DFA78F005F3BFF /* AppDelegate.swift in Sources */ = {isa = PBXBuildFile; fileRef = DA3E426623DFA78F005F3BFF /* AppDelegate.swift */; };
		DA3E426923DFA78F005F3BFF /* SceneDelegate.swift in Sources */ = {isa = PBXBuildFile; fileRef = DA3E426823DFA78F005F3BFF /* SceneDelegate.swift */; };
		DA3E426B23DFA78F005F3BFF /* ViewController.swift in Sources */ = {isa = PBXBuildFile; fileRef = DA3E426A23DFA78F005F3BFF /* ViewController.swift */; };
		DA3E426E23DFA78F005F3BFF /* Main.storyboard in Resources */ = {isa = PBXBuildFile; fileRef = DA3E426C23DFA78F005F3BFF /* Main.storyboard */; };
		DA3E427023DFA796005F3BFF /* Assets.xcassets in Resources */ = {isa = PBXBuildFile; fileRef = DA3E426F23DFA796005F3BFF /* Assets.xcassets */; };
		DA3E427323DFA796005F3BFF /* LaunchScreen.storyboard in Resources */ = {isa = PBXBuildFile; fileRef = DA3E427123DFA796005F3BFF /* LaunchScreen.storyboard */; };
		DA3E427E23DFA79C005F3BFF /* TipCalcTests.swift in Sources */ = {isa = PBXBuildFile; fileRef = DA3E427D23DFA79C005F3BFF /* TipCalcTests.swift */; };
		DA3E428923DFA79C005F3BFF /* TipCalcUITests.swift in Sources */ = {isa = PBXBuildFile; fileRef = DA3E428823DFA79C005F3BFF /* TipCalcUITests.swift */; };
/* End PBXBuildFile section */

/* Begin PBXContainerItemProxy section */
		DA3E427A23DFA79C005F3BFF /* PBXContainerItemProxy */ = {
			isa = PBXContainerItemProxy;
			containerPortal = DA3E425B23DFA78E005F3BFF /* Project object */;
			proxyType = 1;
			remoteGlobalIDString = DA3E426223DFA78F005F3BFF;
			remoteInfo = TipCalc;
		};
		DA3E428523DFA79C005F3BFF /* PBXContainerItemProxy */ = {
			isa = PBXContainerItemProxy;
			containerPortal = DA3E425B23DFA78E005F3BFF /* Project object */;
			proxyType = 1;
			remoteGlobalIDString = DA3E426223DFA78F005F3BFF;
			remoteInfo = TipCalc;
		};
/* End PBXContainerItemProxy section */

/* Begin PBXFileReference section */
		DA3E426323DFA78F005F3BFF /* TipCalc.app */ = {isa = PBXFileReference; explicitFileType = wrapper.application; includeInIndex = 0; path = TipCalc.app; sourceTree = BUILT_PRODUCTS_DIR; };
		DA3E426623DFA78F005F3BFF /* AppDelegate.swift */ = {isa = PBXFileReference; lastKnownFileType = sourcecode.swift; path = AppDelegate.swift; sourceTree = "<group>"; };
		DA3E426823DFA78F005F3BFF /* SceneDelegate.swift */ = {isa = PBXFileReference; lastKnownFileType = sourcecode.swift; path = SceneDelegate.swift; sourceTree = "<group>"; };
		DA3E426A23DFA78F005F3BFF /* ViewController.swift */ = {isa = PBXFileReference; lastKnownFileType = sourcecode.swift; path = ViewController.swift; sourceTree = "<group>"; };
		DA3E426D23DFA78F005F3BFF /* Base */ = {isa = PBXFileReference; lastKnownFileType = file.storyboard; name = Base; path = Base.lproj/Main.storyboard; sourceTree = "<group>"; };
		DA3E426F23DFA796005F3BFF /* Assets.xcassets */ = {isa = PBXFileReference; lastKnownFileType = folder.assetcatalog; path = Assets.xcassets; sourceTree = "<group>"; };
		DA3E427223DFA796005F3BFF /* Base */ = {isa = PBXFileReference; lastKnownFileType = file.storyboard; name = Base; path = Base.lproj/LaunchScreen.storyboard; sourceTree = "<group>"; };
		DA3E427423DFA796005F3BFF /* Info.plist */ = {isa = PBXFileReference; lastKnownFileType = text.plist.xml; path = Info.plist; sourceTree = "<group>"; };
		DA3E427923DFA79C005F3BFF /* TipCalcTests.xctest */ = {isa = PBXFileReference; explicitFileType = wrapper.cfbundle; includeInIndex = 0; path = TipCalcTests.xctest; sourceTree = BUILT_PRODUCTS_DIR; };
		DA3E427D23DFA79C005F3BFF /* TipCalcTests.swift */ = {isa = PBXFileReference; lastKnownFileType = sourcecode.swift; path = TipCalcTests.swift; sourceTree = "<group>"; };
		DA3E427F23DFA79C005F3BFF /* Info.plist */ = {isa = PBXFileReference; lastKnownFileType = text.plist.xml; path = Info.plist; sourceTree = "<group>"; };
		DA3E428423DFA79C005F3BFF /* TipCalcUITests.xctest */ = {isa = PBXFileReference; explicitFileType = wrapper.cfbundle; includeInIndex = 0; path = TipCalcUITests.xctest; sourceTree = BUILT_PRODUCTS_DIR; };
		DA3E428823DFA79C005F3BFF /* TipCalcUITests.swift */ = {isa = PBXFileReference; lastKnownFileType = sourcecode.swift; path = TipCalcUITests.swift; sourceTree = "<group>"; };
		DA3E428A23DFA79C005F3BFF /* Info.plist */ = {isa = PBXFileReference; lastKnownFileType = text.plist.xml; path = Info.plist; sourceTree = "<group>"; };
/* End PBXFileReference section */

/* Begin PBXFrameworksBuildPhase section */
		DA3E426023DFA78F005F3BFF /* Frameworks */ = {
			isa = PBXFrameworksBuildPhase;
			buildActionMask = 2147483647;
			files = (
			);
			runOnlyForDeploymentPostprocessing = 0;
		};
		DA3E427623DFA79C005F3BFF /* Frameworks */ = {
			isa = PBXFrameworksBuildPhase;
			buildActionMask = 2147483647;
			files = (
			);
			runOnlyForDeploymentPostprocessing = 0;
		};
		DA3E428123DFA79C005F3BFF /* Frameworks */ = {
			isa = PBXFrameworksBuildPhase;
			buildActionMask = 2147483647;
			files = (
			);
			runOnlyForDeploymentPostprocessing = 0;
		};
/* End PBXFrameworksBuildPhase section */

/* Begin PBXGroup section */
		DA3E425A23DFA78E005F3BFF = {
			isa = PBXGroup;
			children = (
				DA3E426523DFA78F005F3BFF /* TipCalc */,
				DA3E427C23DFA79C005F3BFF /* TipCalcTests */,
				DA3E428723DFA79C005F3BFF /* TipCalcUITests */,
				DA3E426423DFA78F005F3BFF /* Products */,
			);
			sourceTree = "<group>";
		};
		DA3E426423DFA78F005F3BFF /* Products */ = {
			isa = PBXGroup;
			children = (
				DA3E426323DFA78F005F3BFF /* TipCalc.app */,
				DA3E427923DFA79C005F3BFF /* TipCalcTests.xctest */,
				DA3E428423DFA79C005F3BFF /* TipCalcUITests.xctest */,
			);
			name = Products;
			sourceTree = "<group>";
		};
		DA3E426523DFA78F005F3BFF /* TipCalc */ = {
			isa = PBXGroup;
			children = (
				DA3E426623DFA78F005F3BFF /* AppDelegate.swift */,
				DA3E426823DFA78F005F3BFF /* SceneDelegate.swift */,
				DA3E426A23DFA78F005F3BFF /* ViewController.swift */,
				DA3E426C23DFA78F005F3BFF /* Main.storyboard */,
				DA3E426F23DFA796005F3BFF /* Assets.xcassets */,
				DA3E427123DFA796005F3BFF /* LaunchScreen.storyboard */,
				DA3E427423DFA796005F3BFF /* Info.plist */,
			);
			path = TipCalc;
			sourceTree = "<group>";
		};
		DA3E427C23DFA79C005F3BFF /* TipCalcTests */ = {
			isa = PBXGroup;
			children = (
				DA3E427D23DFA79C005F3BFF /* TipCalcTests.swift */,
				DA3E427F23DFA79C005F3BFF /* Info.plist */,
			);
			path = TipCalcTests;
			sourceTree = "<group>";
		};
		DA3E428723DFA79C005F3BFF /* TipCalcUITests */ = {
			isa = PBXGroup;
			children = (
				DA3E428823DFA79C005F3BFF /* TipCalcUITests.swift */,
				DA3E428A23DFA79C005F3BFF /* Info.plist */,
			);
			path = TipCalcUITests;
			sourceTree = "<group>";
		};
/* End PBXGroup section */

/* Begin PBXNativeTarget section */
		DA3E426223DFA78F005F3BFF /* TipCalc */ = {
			isa = PBXNativeTarget;
			buildConfigurationList = DA3E428D23DFA79C005F3BFF /* Build configuration list for PBXNativeTarget "TipCalc" */;
			buildPhases = (
				DA3E425F23DFA78F005F3BFF /* Sources */,
				DA3E426023DFA78F005F3BFF /* Frameworks */,
				DA3E426123DFA78F005F3BFF /* Resources */,
			);
			buildRules = (
			);
			dependencies = (
			);
			name = TipCalc;
			productName = TipCalc;
			productReference = DA3E426323DFA78F005F3BFF /* TipCalc.app */;
			productType = "com.apple.product-type.application";
		};
		DA3E427823DFA79C005F3BFF /* TipCalcTests */ = {
			isa = PBXNativeTarget;
			buildConfigurationList = DA3E429023DFA79C005F3BFF /* Build configuration list for PBXNativeTarget "TipCalcTests" */;
			buildPhases = (
				DA3E427523DFA79C005F3BFF /* Sources */,
				DA3E427623DFA79C005F3BFF /* Frameworks */,
				DA3E427723DFA79C005F3BFF /* Resources */,
			);
			buildRules = (
			);
			dependencies = (
				DA3E427B23DFA79C005F3BFF /* PBXTargetDependency */,
			);
			name = TipCalcTests;
			productName = TipCalcTests;
			productReference = DA3E427923DFA79C005F3BFF /* TipCalcTests.xctest */;
			productType = "com.apple.product-type.bundle.unit-test";
		};
		DA3E428323DFA79C005F3BFF /* TipCalcUITests */ = {
			isa = PBXNativeTarget;
			buildConfigurationList = DA3E429323DFA79C005F3BFF /* Build configuration list for PBXNativeTarget "TipCalcUITests" */;
			buildPhases = (
				DA3E428023DFA79C005F3BFF /* Sources */,
				DA3E428123DFA79C005F3BFF /* Frameworks */,
				DA3E428223DFA79C005F3BFF /* Resources */,
			);
			buildRules = (
			);
			dependencies = (
				DA3E428623DFA79C005F3BFF /* PBXTargetDependency */,
			);
			name = TipCalcUITests;
			productName = TipCalcUITests;
			productReference = DA3E428423DFA79C005F3BFF /* TipCalcUITests.xctest */;
			productType = "com.apple.product-type.bundle.ui-testing";
		};
/* End PBXNativeTarget section */

/* Begin PBXProject section */
		DA3E425B23DFA78E005F3BFF /* Project object */ = {
			isa = PBXProject;
			attributes = {
				LastSwiftUpdateCheck = 1130;
				LastUpgradeCheck = 1130;
				ORGANIZATIONNAME = "Byron M Wilson";
				TargetAttributes = {
					DA3E426223DFA78F005F3BFF = {
						CreatedOnToolsVersion = 11.3.1;
					};
					DA3E427823DFA79C005F3BFF = {
						CreatedOnToolsVersion = 11.3.1;
						TestTargetID = DA3E426223DFA78F005F3BFF;
					};
					DA3E428323DFA79C005F3BFF = {
						CreatedOnToolsVersion = 11.3.1;
						TestTargetID = DA3E426223DFA78F005F3BFF;
					};
				};
			};
			buildConfigurationList = DA3E425E23DFA78E005F3BFF /* Build configuration list for PBXProject "TipCalc" */;
			compatibilityVersion = "Xcode 9.3";
			developmentRegion = en;
			hasScannedForEncodings = 0;
			knownRegions = (
				en,
				Base,
			);
			mainGroup = DA3E425A23DFA78E005F3BFF;
			productRefGroup = DA3E426423DFA78F005F3BFF /* Products */;
			projectDirPath = "";
			projectRoot = "";
			targets = (
				DA3E426223DFA78F005F3BFF /* TipCalc */,
				DA3E427823DFA79C005F3BFF /* TipCalcTests */,
				DA3E428323DFA79C005F3BFF /* TipCalcUITests */,
			);
		};
/* End PBXProject section */

/* Begin PBXResourcesBuildPhase section */
		DA3E426123DFA78F005F3BFF /* Resources */ = {
			isa = PBXResourcesBuildPhase;
			buildActionMask = 2147483647;
			files = (
				DA3E427323DFA796005F3BFF /* LaunchScreen.storyboard in Resources */,
				DA3E427023DFA796005F3BFF /* Assets.xcassets in Resources */,
				DA3E426E23DFA78F005F3BFF /* Main.storyboard in Resources */,
			);
			runOnlyForDeploymentPostprocessing = 0;
		};
		DA3E427723DFA79C005F3BFF /* Resources */ = {
			isa = PBXResourcesBuildPhase;
			buildActionMask = 2147483647;
			files = (
			);
			runOnlyForDeploymentPostprocessing = 0;
		};
		DA3E428223DFA79C005F3BFF /* Resources */ = {
			isa = PBXResourcesBuildPhase;
			buildActionMask = 2147483647;
			files = (
			);
			runOnlyForDeploymentPostprocessing = 0;
		};
/* End PBXResourcesBuildPhase section */

/* Begin PBXSourcesBuildPhase section */
		DA3E425F23DFA78F005F3BFF /* Sources */ = {
			isa = PBXSourcesBuildPhase;
			buildActionMask = 2147483647;
			files = (
				DA3E426B23DFA78F005F3BFF /* ViewController.swift in Sources */,
				DA3E426723DFA78F005F3BFF /* AppDelegate.swift in Sources */,
				DA3E426923DFA78F005F3BFF /* SceneDelegate.swift in Sources */,
			);
			runOnlyForDeploymentPostprocessing = 0;
		};
		DA3E427523DFA79C005F3BFF /* Sources */ = {
			isa = PBXSourcesBuildPhase;
			buildActionMask = 2147483647;
			files = (
				DA3E427E23DFA79C005F3BFF /* TipCalcTests.swift in Sources */,
			);
			runOnlyForDeploymentPostprocessing = 0;
		};
		DA3E428023DFA79C005F3BFF /* Sources */ = {
			isa = PBXSourcesBuildPhase;
			buildActionMask = 2147483647;
			files = (
				DA3E428923DFA79C005F3BFF /* TipCalcUITests.swift in Sources */,
			);
			runOnlyForDeploymentPostprocessing = 0;
		};
/* End PBXSourcesBuildPhase section */

/* Begin PBXTargetDependency section */
		DA3E427B23DFA79C005F3BFF /* PBXTargetDependency */ = {
			isa = PBXTargetDependency;
			target = DA3E426223DFA78F005F3BFF /* TipCalc */;
			targetProxy = DA3E427A23DFA79C005F3BFF /* PBXContainerItemProxy */;
		};
		DA3E428623DFA79C005F3BFF /* PBXTargetDependency */ = {
			isa = PBXTargetDependency;
			target = DA3E426223DFA78F005F3BFF /* TipCalc */;
			targetProxy = DA3E428523DFA79C005F3BFF /* PBXContainerItemProxy */;
		};
/* End PBXTargetDependency section */

/* Begin PBXVariantGroup section */
		DA3E426C23DFA78F005F3BFF /* Main.storyboard */ = {
			isa = PBXVariantGroup;
			children = (
				DA3E426D23DFA78F005F3BFF /* Base */,
			);
			name = Main.storyboard;
			sourceTree = "<group>";
		};
		DA3E427123DFA796005F3BFF /* LaunchScreen.storyboard */ = {
			isa = PBXVariantGroup;
			children = (
				DA3E427223DFA796005F3BFF /* Base */,
			);
			name = LaunchScreen.storyboard;
			sourceTree = "<group>";
		};
/* End PBXVariantGroup section */

/* Begin XCBuildConfiguration section */
		DA3E428B23DFA79C005F3BFF /* Debug */ = {
			isa = XCBuildConfiguration;
			buildSettings = {
				ALWAYS_SEARCH_USER_PATHS = NO;
				CLANG_ANALYZER_NONNULL = YES;
				CLANG_ANALYZER_NUMBER_OBJECT_CONVERSION = YES_AGGRESSIVE;
				CLANG_CXX_LANGUAGE_STANDARD = "gnu++14";
				CLANG_CXX_LIBRARY = "libc++";
				CLANG_ENABLE_MODULES = YES;
				CLANG_ENABLE_OBJC_ARC = YES;
				CLANG_ENABLE_OBJC_WEAK = YES;
				CLANG_WARN_BLOCK_CAPTURE_AUTORELEASING = YES;
				CLANG_WARN_BOOL_CONVERSION = YES;
				CLANG_WARN_COMMA = YES;
				CLANG_WARN_CONSTANT_CONVERSION = YES;
				CLANG_WARN_DEPRECATED_OBJC_IMPLEMENTATIONS = YES;
				CLANG_WARN_DIRECT_OBJC_ISA_USAGE = YES_ERROR;
				CLANG_WARN_DOCUMENTATION_COMMENTS = YES;
				CLANG_WARN_EMPTY_BODY = YES;
				CLANG_WARN_ENUM_CONVERSION = YES;
				CLANG_WARN_INFINITE_RECURSION = YES;
				CLANG_WARN_INT_CONVERSION = YES;
				CLANG_WARN_NON_LITERAL_NULL_CONVERSION = YES;
				CLANG_WARN_OBJC_IMPLICIT_RETAIN_SELF = YES;
				CLANG_WARN_OBJC_LITERAL_CONVERSION = YES;
				CLANG_WARN_OBJC_ROOT_CLASS = YES_ERROR;
				CLANG_WARN_RANGE_LOOP_ANALYSIS = YES;
				CLANG_WARN_STRICT_PROTOTYPES = YES;
				CLANG_WARN_SUSPICIOUS_MOVE = YES;
				CLANG_WARN_UNGUARDED_AVAILABILITY = YES_AGGRESSIVE;
				CLANG_WARN_UNREACHABLE_CODE = YES;
				CLANG_WARN__DUPLICATE_METHOD_MATCH = YES;
				COPY_PHASE_STRIP = NO;
				DEBUG_INFORMATION_FORMAT = dwarf;
				ENABLE_STRICT_OBJC_MSGSEND = YES;
				ENABLE_TESTABILITY = YES;
				GCC_C_LANGUAGE_STANDARD = gnu11;
				GCC_DYNAMIC_NO_PIC = NO;
				GCC_NO_COMMON_BLOCKS = YES;
				GCC_OPTIMIZATION_LEVEL = 0;
				GCC_PREPROCESSOR_DEFINITIONS = (
					"DEBUG=1",
					"$(inherited)",
				);
				GCC_WARN_64_TO_32_BIT_CONVERSION = YES;
				GCC_WARN_ABOUT_RETURN_TYPE = YES_ERROR;
				GCC_WARN_UNDECLARED_SELECTOR = YES;
				GCC_WARN_UNINITIALIZED_AUTOS = YES_AGGRESSIVE;
				GCC_WARN_UNUSED_FUNCTION = YES;
				GCC_WARN_UNUSED_VARIABLE = YES;
				IPHONEOS_DEPLOYMENT_TARGET = 13.2;
				MTL_ENABLE_DEBUG_INFO = INCLUDE_SOURCE;
				MTL_FAST_MATH = YES;
				ONLY_ACTIVE_ARCH = YES;
				SDKROOT = iphoneos;
				SWIFT_ACTIVE_COMPILATION_CONDITIONS = DEBUG;
				SWIFT_OPTIMIZATION_LEVEL = "-Onone";
			};
			name = Debug;
		};
		DA3E428C23DFA79C005F3BFF /* Release */ = {
			isa = XCBuildConfiguration;
			buildSettings = {
				ALWAYS_SEARCH_USER_PATHS = NO;
				CLANG_ANALYZER_NONNULL = YES;
				CLANG_ANALYZER_NUMBER_OBJECT_CONVERSION = YES_AGGRESSIVE;
				CLANG_CXX_LANGUAGE_STANDARD = "gnu++14";
				CLANG_CXX_LIBRARY = "libc++";
				CLANG_ENABLE_MODULES = YES;
				CLANG_ENABLE_OBJC_ARC = YES;
				CLANG_ENABLE_OBJC_WEAK = YES;
				CLANG_WARN_BLOCK_CAPTURE_AUTORELEASING = YES;
				CLANG_WARN_BOOL_CONVERSION = YES;
				CLANG_WARN_COMMA = YES;
				CLANG_WARN_CONSTANT_CONVERSION = YES;
				CLANG_WARN_DEPRECATED_OBJC_IMPLEMENTATIONS = YES;
				CLANG_WARN_DIRECT_OBJC_ISA_USAGE = YES_ERROR;
				CLANG_WARN_DOCUMENTATION_COMMENTS = YES;
				CLANG_WARN_EMPTY_BODY = YES;
				CLANG_WARN_ENUM_CONVERSION = YES;
				CLANG_WARN_INFINITE_RECURSION = YES;
				CLANG_WARN_INT_CONVERSION = YES;
				CLANG_WARN_NON_LITERAL_NULL_CONVERSION = YES;
				CLANG_WARN_OBJC_IMPLICIT_RETAIN_SELF = YES;
				CLANG_WARN_OBJC_LITERAL_CONVERSION = YES;
				CLANG_WARN_OBJC_ROOT_CLASS = YES_ERROR;
				CLANG_WARN_RANGE_LOOP_ANALYSIS = YES;
				CLANG_WARN_STRICT_PROTOTYPES = YES;
				CLANG_WARN_SUSPICIOUS_MOVE = YES;
				CLANG_WARN_UNGUARDED_AVAILABILITY = YES_AGGRESSIVE;
				CLANG_WARN_UNREACHABLE_CODE = YES;
				CLANG_WARN__DUPLICATE_METHOD_MATCH = YES;
				COPY_PHASE_STRIP = NO;
				DEBUG_INFORMATION_FORMAT = "dwarf-with-dsym";
				ENABLE_NS_ASSERTIONS = NO;
				ENABLE_STRICT_OBJC_MSGSEND = YES;
				GCC_C_LANGUAGE_STANDARD = gnu11;
				GCC_NO_COMMON_BLOCKS = YES;
				GCC_WARN_64_TO_32_BIT_CONVERSION = YES;
				GCC_WARN_ABOUT_RETURN_TYPE = YES_ERROR;
				GCC_WARN_UNDECLARED_SELECTOR = YES;
				GCC_WARN_UNINITIALIZED_AUTOS = YES_AGGRESSIVE;
				GCC_WARN_UNUSED_FUNCTION = YES;
				GCC_WARN_UNUSED_VARIABLE = YES;
				IPHONEOS_DEPLOYMENT_TARGET = 13.2;
				MTL_ENABLE_DEBUG_INFO = NO;
				MTL_FAST_MATH = YES;
				SDKROOT = iphoneos;
				SWIFT_COMPILATION_MODE = wholemodule;
				SWIFT_OPTIMIZATION_LEVEL = "-O";
				VALIDATE_PRODUCT = YES;
			};
			name = Release;
		};
		DA3E428E23DFA79C005F3BFF /* Debug */ = {
			isa = XCBuildConfiguration;
			buildSettings = {
				ASSETCATALOG_COMPILER_APPICON_NAME = AppIcon;
				CODE_SIGN_STYLE = Automatic;
				INFOPLIST_FILE = TipCalc/Info.plist;
				LD_RUNPATH_SEARCH_PATHS = (
					"$(inherited)",
					"@executable_path/Frameworks",
				);
				PRODUCT_BUNDLE_IDENTIFIER = com.codepath.TipCalc;
				PRODUCT_NAME = "$(TARGET_NAME)";
				SWIFT_VERSION = 5.0;
				TARGETED_DEVICE_FAMILY = "1,2";
			};
			name = Debug;
		};
		DA3E428F23DFA79C005F3BFF /* Release */ = {
			isa = XCBuildConfiguration;
			buildSettings = {
				ASSETCATALOG_COMPILER_APPICON_NAME = AppIcon;
				CODE_SIGN_STYLE = Automatic;
				INFOPLIST_FILE = TipCalc/Info.plist;
				LD_RUNPATH_SEARCH_PATHS = (
					"$(inherited)",
					"@executable_path/Frameworks",
				);
				PRODUCT_BUNDLE_IDENTIFIER = com.codepath.TipCalc;
				PRODUCT_NAME = "$(TARGET_NAME)";
				SWIFT_VERSION = 5.0;
				TARGETED_DEVICE_FAMILY = "1,2";
			};
			name = Release;
		};
		DA3E429123DFA79C005F3BFF /* Debug */ = {
			isa = XCBuildConfiguration;
			buildSettings = {
				ALWAYS_EMBED_SWIFT_STANDARD_LIBRARIES = YES;
				BUNDLE_LOADER = "$(TEST_HOST)";
				CODE_SIGN_STYLE = Automatic;
				INFOPLIST_FILE = TipCalcTests/Info.plist;
				IPHONEOS_DEPLOYMENT_TARGET = 13.2;
				LD_RUNPATH_SEARCH_PATHS = (
					"$(inherited)",
					"@executable_path/Frameworks",
					"@loader_path/Frameworks",
				);
				PRODUCT_BUNDLE_IDENTIFIER = com.codepath.TipCalcTests;
				PRODUCT_NAME = "$(TARGET_NAME)";
				SWIFT_VERSION = 5.0;
				TARGETED_DEVICE_FAMILY = "1,2";
				TEST_HOST = "$(BUILT_PRODUCTS_DIR)/TipCalc.app/TipCalc";
			};
			name = Debug;
		};
		DA3E429223DFA79C005F3BFF /* Release */ = {
			isa = XCBuildConfiguration;
			buildSettings = {
				ALWAYS_EMBED_SWIFT_STANDARD_LIBRARIES = YES;
				BUNDLE_LOADER = "$(TEST_HOST)";
				CODE_SIGN_STYLE = Automatic;
				INFOPLIST_FILE = TipCalcTests/Info.plist;
				IPHONEOS_DEPLOYMENT_TARGET = 13.2;
				LD_RUNPATH_SEARCH_PATHS = (
					"$(inherited)",
					"@executable_path/Frameworks",
					"@loader_path/Frameworks",
				);
				PRODUCT_BUNDLE_IDENTIFIER = com.codepath.TipCalcTests;
				PRODUCT_NAME = "$(TARGET_NAME)";
				SWIFT_VERSION = 5.0;
				TARGETED_DEVICE_FAMILY = "1,2";
				TEST_HOST = "$(BUILT_PRODUCTS_DIR)/TipCalc.app/TipCalc";
			};
			name = Release;
		};
		DA3E429423DFA79C005F3BFF /* Debug */ = {
			isa = XCBuildConfiguration;
			buildSettings = {
				ALWAYS_EMBED_SWIFT_STANDARD_LIBRARIES = YES;
				CODE_SIGN_STYLE = Automatic;
				INFOPLIST_FILE = TipCalcUITests/Info.plist;
				LD_RUNPATH_SEARCH_PATHS = (
					"$(inherited)",
					"@executable_path/Frameworks",
					"@loader_path/Frameworks",
				);
				PRODUCT_BUNDLE_IDENTIFIER = com.codepath.TipCalcUITests;
				PRODUCT_NAME = "$(TARGET_NAME)";
				SWIFT_VERSION = 5.0;
				TARGETED_DEVICE_FAMILY = "1,2";
				TEST_TARGET_NAME = TipCalc;
			};
			name = Debug;
		};
		DA3E429523DFA79C005F3BFF /* Release */ = {
			isa = XCBuildConfiguration;
			buildSettings = {
				ALWAYS_EMBED_SWIFT_STANDARD_LIBRARIES = YES;
				CODE_SIGN_STYLE = Automatic;
				INFOPLIST_FILE = TipCalcUITests/Info.plist;
				LD_RUNPATH_SEARCH_PATHS = (
					"$(inherited)",
					"@executable_path/Frameworks",
					"@loader_path/Frameworks",
				);
				PRODUCT_BUNDLE_IDENTIFIER = com.codepath.TipCalcUITests;
				PRODUCT_NAME = "$(TARGET_NAME)";
				SWIFT_VERSION = 5.0;
				TARGETED_DEVICE_FAMILY = "1,2";
				TEST_TARGET_NAME = TipCalc;
			};
			name = Release;
		};
/* End XCBuildConfiguration section */

/* Begin XCConfigurationList section */
		DA3E425E23DFA78E005F3BFF /* Build configuration list for PBXProject "TipCalc" */ = {
			isa = XCConfigurationList;
			buildConfigurations = (
				DA3E428B23DFA79C005F3BFF /* Debug */,
				DA3E428C23DFA79C005F3BFF /* Release */,
			);
			defaultConfigurationIsVisible = 0;
			defaultConfigurationName = Release;
		};
		DA3E428D23DFA79C005F3BFF /* Build configuration list for PBXNativeTarget "TipCalc" */ = {
			isa = XCConfigurationList;
			buildConfigurations = (
				DA3E428E23DFA79C005F3BFF /* Debug */,
				DA3E428F23DFA79C005F3BFF /* Release */,
			);
			defaultConfigurationIsVisible = 0;
			defaultConfigurationName = Release;
		};
		DA3E429023DFA79C005F3BFF /* Build configuration list for PBXNativeTarget "TipCalcTests" */ = {
			isa = XCConfigurationList;
			buildConfigurations = (
				DA3E429123DFA79C005F3BFF /* Debug */,
				DA3E429223DFA79C005F3BFF /* Release */,
			);
			defaultConfigurationIsVisible = 0;
			defaultConfigurationName = Release;
		};
		DA3E429323DFA79C005F3BFF /* Build configuration list for PBXNativeTarget "TipCalcUITests" */ = {
			isa = XCConfigurationList;
			buildConfigurations = (
				DA3E429423DFA79C005F3BFF /* Debug */,
				DA3E429523DFA79C005F3BFF /* Release */,
			);
			defaultConfigurationIsVisible = 0;
			defaultConfigurationName = Release;
		};
/* End XCConfigurationList section */
	};
	rootObject = DA3E425B23DFA78E005F3BFF /* Project object */;
}
